
Microsoft Visual Studio Solution File, Format Version 12.00
Project("{FAE04EC0-301F-11D3-BF4B-00C04F79EFBC}") = "Day1", "Day1\Day1.csproj", "{6E1F7814-2F29-4D82-A6BD-CC9B83761AAF}"
EndProject
Project("{FAE04EC0-301F-11D3-BF4B-00C04F79EFBC}") = "Day2", "Day2\Day2.csproj", "{9ED2EF41-260F-453A-B2E4-6D9BE4DCB5A0}"
EndProject
Project("{FAE04EC0-301F-11D3-BF4B-00C04F79EFBC}") = "Day3", "Day3\Day3.csproj", "{24005BDB-61B3-4F53-B34D-9F7CC8460575}"
EndProject
Project("{FAE04EC0-301F-11D3-BF4B-00C04F79EFBC}") = "Day4", "Day4\Day4.csproj", "{F9DEAF82-ADDC-44E7-948A-5E8330F1A661}"
EndProject
Project("{FAE04EC0-301F-11D3-BF4B-00C04F79EFBC}") = "AOCUtils", "AOCUtils\AOCUtils.csproj", "{B8BF7801-7014-49AE-8841-3B892EDEC060}"
EndProject
Project("{FAE04EC0-301F-11D3-BF4B-00C04F79EFBC}") = "Day5", "Day5\Day5.csproj", "{AB98DF09-5FDE-487A-AF8C-3E2CA072B18A}"
EndProject
Project("{FAE04EC0-301F-11D3-BF4B-00C04F79EFBC}") = "Day6", "Day6\Day6.csproj", "{5B2115D0-D1A2-45CB-9C34-D68F4FC8318B}"
EndProject
Project("{FAE04EC0-301F-11D3-BF4B-00C04F79EFBC}") = "Day7", "Day7\Day7.csproj", "{195CC32C-9E9F-4377-86E5-475946A46D3D}"
EndProject
Global
	GlobalSection(SolutionConfigurationPlatforms) = preSolution
		Debug|Any CPU = Debug|Any CPU
		Release|Any CPU = Release|Any CPU
	EndGlobalSection
	GlobalSection(ProjectConfigurationPlatforms) = postSolution
		{6E1F7814-2F29-4D82-A6BD-CC9B83761AAF}.Debug|Any CPU.ActiveCfg = Debug|Any CPU
		{6E1F7814-2F29-4D82-A6BD-CC9B83761AAF}.Debug|Any CPU.Build.0 = Debug|Any CPU
		{6E1F7814-2F29-4D82-A6BD-CC9B83761AAF}.Release|Any CPU.ActiveCfg = Release|Any CPU
		{6E1F7814-2F29-4D82-A6BD-CC9B83761AAF}.Release|Any CPU.Build.0 = Release|Any CPU
		{9ED2EF41-260F-453A-B2E4-6D9BE4DCB5A0}.Debug|Any CPU.ActiveCfg = Debug|Any CPU
		{9ED2EF41-260F-453A-B2E4-6D9BE4DCB5A0}.Debug|Any CPU.Build.0 = Debug|Any CPU
		{9ED2EF41-260F-453A-B2E4-6D9BE4DCB5A0}.Release|Any CPU.ActiveCfg = Release|Any CPU
		{9ED2EF41-260F-453A-B2E4-6D9BE4DCB5A0}.Release|Any CPU.Build.0 = Release|Any CPU
		{24005BDB-61B3-4F53-B34D-9F7CC8460575}.Debug|Any CPU.ActiveCfg = Debug|Any CPU
		{24005BDB-61B3-4F53-B34D-9F7CC8460575}.Debug|Any CPU.Build.0 = Debug|Any CPU
		{24005BDB-61B3-4F53-B34D-9F7CC8460575}.Release|Any CPU.ActiveCfg = Release|Any CPU
		{24005BDB-61B3-4F53-B34D-9F7CC8460575}.Release|Any CPU.Build.0 = Release|Any CPU
		{F9DEAF82-ADDC-44E7-948A-5E8330F1A661}.Debug|Any CPU.ActiveCfg = Debug|Any CPU
		{F9DEAF82-ADDC-44E7-948A-5E8330F1A661}.Debug|Any CPU.Build.0 = Debug|Any CPU
		{F9DEAF82-ADDC-44E7-948A-5E8330F1A661}.Release|Any CPU.ActiveCfg = Release|Any CPU
		{F9DEAF82-ADDC-44E7-948A-5E8330F1A661}.Release|Any CPU.Build.0 = Release|Any CPU
		{B8BF7801-7014-49AE-8841-3B892EDEC060}.Debug|Any CPU.ActiveCfg = Debug|Any CPU
		{B8BF7801-7014-49AE-8841-3B892EDEC060}.Debug|Any CPU.Build.0 = Debug|Any CPU
		{B8BF7801-7014-49AE-8841-3B892EDEC060}.Release|Any CPU.ActiveCfg = Release|Any CPU
		{B8BF7801-7014-49AE-8841-3B892EDEC060}.Release|Any CPU.Build.0 = Release|Any CPU
		{AB98DF09-5FDE-487A-AF8C-3E2CA072B18A}.Debug|Any CPU.ActiveCfg = Debug|Any CPU
		{AB98DF09-5FDE-487A-AF8C-3E2CA072B18A}.Debug|Any CPU.Build.0 = Debug|Any CPU
		{AB98DF09-5FDE-487A-AF8C-3E2CA072B18A}.Release|Any CPU.ActiveCfg = Release|Any CPU
		{AB98DF09-5FDE-487A-AF8C-3E2CA072B18A}.Release|Any CPU.Build.0 = Release|Any CPU
		{5B2115D0-D1A2-45CB-9C34-D68F4FC8318B}.Debug|Any CPU.ActiveCfg = Debug|Any CPU
		{5B2115D0-D1A2-45CB-9C34-D68F4FC8318B}.Debug|Any CPU.Build.0 = Debug|Any CPU
		{5B2115D0-D1A2-45CB-9C34-D68F4FC8318B}.Release|Any CPU.ActiveCfg = Release|Any CPU
		{5B2115D0-D1A2-45CB-9C34-D68F4FC8318B}.Release|Any CPU.Build.0 = Release|Any CPU
		{195CC32C-9E9F-4377-86E5-475946A46D3D}.Debug|Any CPU.ActiveCfg = Debug|Any CPU
		{195CC32C-9E9F-4377-86E5-475946A46D3D}.Debug|Any CPU.Build.0 = Debug|Any CPU
		{195CC32C-9E9F-4377-86E5-475946A46D3D}.Release|Any CPU.ActiveCfg = Release|Any CPU
		{195CC32C-9E9F-4377-86E5-475946A46D3D}.Release|Any CPU.Build.0 = Release|Any CPU
	EndGlobalSection
EndGlobal
