
Microsoft Visual Studio Solution File, Format Version 12.00
Project("{FAE04EC0-301F-11D3-BF4B-00C04F79EFBC}") = "Day1", "Day1\Day1.csproj", "{6E1F7814-2F29-4D82-A6BD-CC9B83761AAF}"
EndProject
Project("{FAE04EC0-301F-11D3-BF4B-00C04F79EFBC}") = "Day2", "Day2\Day2.csproj", "{9ED2EF41-260F-453A-B2E4-6D9BE4DCB5A0}"
EndProject
Project("{FAE04EC0-301F-11D3-BF4B-00C04F79EFBC}") = "Day3", "Day3\Day3.csproj", "{24005BDB-61B3-4F53-B34D-9F7CC8460575}"
EndProject
Global
	GlobalSection(SolutionConfigurationPlatforms) = preSolution
		Debug|Any CPU = Debug|Any CPU
		Release|Any CPU = Release|Any CPU
	EndGlobalSection
	GlobalSection(ProjectConfigurationPlatforms) = postSolution
		{6E1F7814-2F29-4D82-A6BD-CC9B83761AAF}.Debug|Any CPU.ActiveCfg = Debug|Any CPU
		{6E1F7814-2F29-4D82-A6BD-CC9B83761AAF}.Debug|Any CPU.Build.0 = Debug|Any CPU
		{6E1F7814-2F29-4D82-A6BD-CC9B83761AAF}.Release|Any CPU.ActiveCfg = Release|Any CPU
		{6E1F7814-2F29-4D82-A6BD-CC9B83761AAF}.Release|Any CPU.Build.0 = Release|Any CPU
		{9ED2EF41-260F-453A-B2E4-6D9BE4DCB5A0}.Debug|Any CPU.ActiveCfg = Debug|Any CPU
		{9ED2EF41-260F-453A-B2E4-6D9BE4DCB5A0}.Debug|Any CPU.Build.0 = Debug|Any CPU
		{9ED2EF41-260F-453A-B2E4-6D9BE4DCB5A0}.Release|Any CPU.ActiveCfg = Release|Any CPU
		{9ED2EF41-260F-453A-B2E4-6D9BE4DCB5A0}.Release|Any CPU.Build.0 = Release|Any CPU
		{24005BDB-61B3-4F53-B34D-9F7CC8460575}.Debug|Any CPU.ActiveCfg = Debug|Any CPU
		{24005BDB-61B3-4F53-B34D-9F7CC8460575}.Debug|Any CPU.Build.0 = Debug|Any CPU
		{24005BDB-61B3-4F53-B34D-9F7CC8460575}.Release|Any CPU.ActiveCfg = Release|Any CPU
		{24005BDB-61B3-4F53-B34D-9F7CC8460575}.Release|Any CPU.Build.0 = Release|Any CPU
	EndGlobalSection
EndGlobal
